// !$*UTF8*$!
{
	archiveVersion = 1;
	classes = {
	};
	objectVersion = 55;
	objects = {

/* Begin PBXBuildFile section */
		FC13D9B6276B5EE70046450C /* AppDelegate.swift in Sources */ = {isa = PBXBuildFile; fileRef = FC13D9B5276B5EE70046450C /* AppDelegate.swift */; };
		FC13D9B8276B5EE70046450C /* SceneDelegate.swift in Sources */ = {isa = PBXBuildFile; fileRef = FC13D9B7276B5EE70046450C /* SceneDelegate.swift */; };
		FC13D9BA276B5EE70046450C /* ViewController.swift in Sources */ = {isa = PBXBuildFile; fileRef = FC13D9B9276B5EE70046450C /* ViewController.swift */; };
		FC13D9BD276B5EE70046450C /* Main.storyboard in Resources */ = {isa = PBXBuildFile; fileRef = FC13D9BB276B5EE70046450C /* Main.storyboard */; };
		FC13D9BF276B5EEB0046450C /* Assets.xcassets in Resources */ = {isa = PBXBuildFile; fileRef = FC13D9BE276B5EEB0046450C /* Assets.xcassets */; };
		FC13D9C2276B5EEB0046450C /* LaunchScreen.storyboard in Resources */ = {isa = PBXBuildFile; fileRef = FC13D9C0276B5EEB0046450C /* LaunchScreen.storyboard */; };
		FC13D9CD276B5EEB0046450C /* LocalNotificationsTimerTests.swift in Sources */ = {isa = PBXBuildFile; fileRef = FC13D9CC276B5EEB0046450C /* LocalNotificationsTimerTests.swift */; };
		FC13D9D7276B5EEB0046450C /* LocalNotificationsTimerUITests.swift in Sources */ = {isa = PBXBuildFile; fileRef = FC13D9D6276B5EEB0046450C /* LocalNotificationsTimerUITests.swift */; };
		FC13D9D9276B5EEB0046450C /* LocalNotificationsTimerUITestsLaunchTests.swift in Sources */ = {isa = PBXBuildFile; fileRef = FC13D9D8276B5EEB0046450C /* LocalNotificationsTimerUITestsLaunchTests.swift */; };
		FC13D9E6276B777D0046450C /* LogsViewController.swift in Sources */ = {isa = PBXBuildFile; fileRef = FC13D9E5276B777D0046450C /* LogsViewController.swift */; };
/* End PBXBuildFile section */

/* Begin PBXContainerItemProxy section */
		FC13D9C9276B5EEB0046450C /* PBXContainerItemProxy */ = {
			isa = PBXContainerItemProxy;
			containerPortal = FC13D9AA276B5EE60046450C /* Project object */;
			proxyType = 1;
			remoteGlobalIDString = FC13D9B1276B5EE60046450C;
			remoteInfo = LocalNotificationsTimer;
		};
		FC13D9D3276B5EEB0046450C /* PBXContainerItemProxy */ = {
			isa = PBXContainerItemProxy;
			containerPortal = FC13D9AA276B5EE60046450C /* Project object */;
			proxyType = 1;
			remoteGlobalIDString = FC13D9B1276B5EE60046450C;
			remoteInfo = LocalNotificationsTimer;
		};
/* End PBXContainerItemProxy section */

/* Begin PBXFileReference section */
		FC13D9B2276B5EE60046450C /* LocalNotificationsTimer.app */ = {isa = PBXFileReference; explicitFileType = wrapper.application; includeInIndex = 0; path = LocalNotificationsTimer.app; sourceTree = BUILT_PRODUCTS_DIR; };
		FC13D9B5276B5EE70046450C /* AppDelegate.swift */ = {isa = PBXFileReference; lastKnownFileType = sourcecode.swift; path = AppDelegate.swift; sourceTree = "<group>"; };
		FC13D9B7276B5EE70046450C /* SceneDelegate.swift */ = {isa = PBXFileReference; lastKnownFileType = sourcecode.swift; path = SceneDelegate.swift; sourceTree = "<group>"; };
		FC13D9B9276B5EE70046450C /* ViewController.swift */ = {isa = PBXFileReference; lastKnownFileType = sourcecode.swift; path = ViewController.swift; sourceTree = "<group>"; };
		FC13D9BC276B5EE70046450C /* Base */ = {isa = PBXFileReference; lastKnownFileType = file.storyboard; name = Base; path = Base.lproj/Main.storyboard; sourceTree = "<group>"; };
		FC13D9BE276B5EEB0046450C /* Assets.xcassets */ = {isa = PBXFileReference; lastKnownFileType = folder.assetcatalog; path = Assets.xcassets; sourceTree = "<group>"; };
		FC13D9C1276B5EEB0046450C /* Base */ = {isa = PBXFileReference; lastKnownFileType = file.storyboard; name = Base; path = Base.lproj/LaunchScreen.storyboard; sourceTree = "<group>"; };
		FC13D9C3276B5EEB0046450C /* Info.plist */ = {isa = PBXFileReference; lastKnownFileType = text.plist.xml; path = Info.plist; sourceTree = "<group>"; };
		FC13D9C8276B5EEB0046450C /* LocalNotificationsTimerTests.xctest */ = {isa = PBXFileReference; explicitFileType = wrapper.cfbundle; includeInIndex = 0; path = LocalNotificationsTimerTests.xctest; sourceTree = BUILT_PRODUCTS_DIR; };
		FC13D9CC276B5EEB0046450C /* LocalNotificationsTimerTests.swift */ = {isa = PBXFileReference; lastKnownFileType = sourcecode.swift; path = LocalNotificationsTimerTests.swift; sourceTree = "<group>"; };
		FC13D9D2276B5EEB0046450C /* LocalNotificationsTimerUITests.xctest */ = {isa = PBXFileReference; explicitFileType = wrapper.cfbundle; includeInIndex = 0; path = LocalNotificationsTimerUITests.xctest; sourceTree = BUILT_PRODUCTS_DIR; };
		FC13D9D6276B5EEB0046450C /* LocalNotificationsTimerUITests.swift */ = {isa = PBXFileReference; lastKnownFileType = sourcecode.swift; path = LocalNotificationsTimerUITests.swift; sourceTree = "<group>"; };
		FC13D9D8276B5EEB0046450C /* LocalNotificationsTimerUITestsLaunchTests.swift */ = {isa = PBXFileReference; lastKnownFileType = sourcecode.swift; path = LocalNotificationsTimerUITestsLaunchTests.swift; sourceTree = "<group>"; };
		FC13D9E5276B777D0046450C /* LogsViewController.swift */ = {isa = PBXFileReference; lastKnownFileType = sourcecode.swift; path = LogsViewController.swift; sourceTree = "<group>"; };
/* End PBXFileReference section */

/* Begin PBXFrameworksBuildPhase section */
		FC13D9AF276B5EE60046450C /* Frameworks */ = {
			isa = PBXFrameworksBuildPhase;
			buildActionMask = 2147483647;
			files = (
			);
			runOnlyForDeploymentPostprocessing = 0;
		};
		FC13D9C5276B5EEB0046450C /* Frameworks */ = {
			isa = PBXFrameworksBuildPhase;
			buildActionMask = 2147483647;
			files = (
			);
			runOnlyForDeploymentPostprocessing = 0;
		};
		FC13D9CF276B5EEB0046450C /* Frameworks */ = {
			isa = PBXFrameworksBuildPhase;
			buildActionMask = 2147483647;
			files = (
			);
			runOnlyForDeploymentPostprocessing = 0;
		};
/* End PBXFrameworksBuildPhase section */

/* Begin PBXGroup section */
		FC13D9A9276B5EE60046450C = {
			isa = PBXGroup;
			children = (
				FC13D9B4276B5EE60046450C /* LocalNotificationsTimer */,
				FC13D9CB276B5EEB0046450C /* LocalNotificationsTimerTests */,
				FC13D9D5276B5EEB0046450C /* LocalNotificationsTimerUITests */,
				FC13D9B3276B5EE60046450C /* Products */,
			);
			sourceTree = "<group>";
		};
		FC13D9B3276B5EE60046450C /* Products */ = {
			isa = PBXGroup;
			children = (
				FC13D9B2276B5EE60046450C /* LocalNotificationsTimer.app */,
				FC13D9C8276B5EEB0046450C /* LocalNotificationsTimerTests.xctest */,
				FC13D9D2276B5EEB0046450C /* LocalNotificationsTimerUITests.xctest */,
			);
			name = Products;
			sourceTree = "<group>";
		};
		FC13D9B4276B5EE60046450C /* LocalNotificationsTimer */ = {
			isa = PBXGroup;
			children = (
				FC13D9B5276B5EE70046450C /* AppDelegate.swift */,
				FC13D9B7276B5EE70046450C /* SceneDelegate.swift */,
				FC13D9B9276B5EE70046450C /* ViewController.swift */,
				FC13D9BB276B5EE70046450C /* Main.storyboard */,
				FC13D9BE276B5EEB0046450C /* Assets.xcassets */,
				FC13D9C0276B5EEB0046450C /* LaunchScreen.storyboard */,
				FC13D9C3276B5EEB0046450C /* Info.plist */,
				FC13D9E5276B777D0046450C /* LogsViewController.swift */,
			);
			path = LocalNotificationsTimer;
			sourceTree = "<group>";
		};
		FC13D9CB276B5EEB0046450C /* LocalNotificationsTimerTests */ = {
			isa = PBXGroup;
			children = (
				FC13D9CC276B5EEB0046450C /* LocalNotificationsTimerTests.swift */,
			);
			path = LocalNotificationsTimerTests;
			sourceTree = "<group>";
		};
		FC13D9D5276B5EEB0046450C /* LocalNotificationsTimerUITests */ = {
			isa = PBXGroup;
			children = (
				FC13D9D6276B5EEB0046450C /* LocalNotificationsTimerUITests.swift */,
				FC13D9D8276B5EEB0046450C /* LocalNotificationsTimerUITestsLaunchTests.swift */,
			);
			path = LocalNotificationsTimerUITests;
			sourceTree = "<group>";
		};
/* End PBXGroup section */

/* Begin PBXNativeTarget section */
		FC13D9B1276B5EE60046450C /* LocalNotificationsTimer */ = {
			isa = PBXNativeTarget;
			buildConfigurationList = FC13D9DC276B5EEB0046450C /* Build configuration list for PBXNativeTarget "LocalNotificationsTimer" */;
			buildPhases = (
				FC13D9AE276B5EE60046450C /* Sources */,
				FC13D9AF276B5EE60046450C /* Frameworks */,
				FC13D9B0276B5EE60046450C /* Resources */,
			);
			buildRules = (
			);
			dependencies = (
			);
			name = LocalNotificationsTimer;
			productName = LocalNotificationsTimer;
			productReference = FC13D9B2276B5EE60046450C /* LocalNotificationsTimer.app */;
			productType = "com.apple.product-type.application";
		};
		FC13D9C7276B5EEB0046450C /* LocalNotificationsTimerTests */ = {
			isa = PBXNativeTarget;
			buildConfigurationList = FC13D9DF276B5EEB0046450C /* Build configuration list for PBXNativeTarget "LocalNotificationsTimerTests" */;
			buildPhases = (
				FC13D9C4276B5EEB0046450C /* Sources */,
				FC13D9C5276B5EEB0046450C /* Frameworks */,
				FC13D9C6276B5EEB0046450C /* Resources */,
			);
			buildRules = (
			);
			dependencies = (
				FC13D9CA276B5EEB0046450C /* PBXTargetDependency */,
			);
			name = LocalNotificationsTimerTests;
			productName = LocalNotificationsTimerTests;
			productReference = FC13D9C8276B5EEB0046450C /* LocalNotificationsTimerTests.xctest */;
			productType = "com.apple.product-type.bundle.unit-test";
		};
		FC13D9D1276B5EEB0046450C /* LocalNotificationsTimerUITests */ = {
			isa = PBXNativeTarget;
			buildConfigurationList = FC13D9E2276B5EEB0046450C /* Build configuration list for PBXNativeTarget "LocalNotificationsTimerUITests" */;
			buildPhases = (
				FC13D9CE276B5EEB0046450C /* Sources */,
				FC13D9CF276B5EEB0046450C /* Frameworks */,
				FC13D9D0276B5EEB0046450C /* Resources */,
			);
			buildRules = (
			);
			dependencies = (
				FC13D9D4276B5EEB0046450C /* PBXTargetDependency */,
			);
			name = LocalNotificationsTimerUITests;
			productName = LocalNotificationsTimerUITests;
			productReference = FC13D9D2276B5EEB0046450C /* LocalNotificationsTimerUITests.xctest */;
			productType = "com.apple.product-type.bundle.ui-testing";
		};
/* End PBXNativeTarget section */

/* Begin PBXProject section */
		FC13D9AA276B5EE60046450C /* Project object */ = {
			isa = PBXProject;
			attributes = {
				BuildIndependentTargetsInParallel = 1;
				LastSwiftUpdateCheck = 1310;
				LastUpgradeCheck = 1310;
				TargetAttributes = {
					FC13D9B1276B5EE60046450C = {
						CreatedOnToolsVersion = 13.1;
					};
					FC13D9C7276B5EEB0046450C = {
						CreatedOnToolsVersion = 13.1;
						TestTargetID = FC13D9B1276B5EE60046450C;
					};
					FC13D9D1276B5EEB0046450C = {
						CreatedOnToolsVersion = 13.1;
						TestTargetID = FC13D9B1276B5EE60046450C;
					};
				};
			};
			buildConfigurationList = FC13D9AD276B5EE60046450C /* Build configuration list for PBXProject "LocalNotificationsTimer" */;
			compatibilityVersion = "Xcode 13.0";
			developmentRegion = en;
			hasScannedForEncodings = 0;
			knownRegions = (
				en,
				Base,
			);
			mainGroup = FC13D9A9276B5EE60046450C;
			productRefGroup = FC13D9B3276B5EE60046450C /* Products */;
			projectDirPath = "";
			projectRoot = "";
			targets = (
				FC13D9B1276B5EE60046450C /* LocalNotificationsTimer */,
				FC13D9C7276B5EEB0046450C /* LocalNotificationsTimerTests */,
				FC13D9D1276B5EEB0046450C /* LocalNotificationsTimerUITests */,
			);
		};
/* End PBXProject section */

/* Begin PBXResourcesBuildPhase section */
		FC13D9B0276B5EE60046450C /* Resources */ = {
			isa = PBXResourcesBuildPhase;
			buildActionMask = 2147483647;
			files = (
				FC13D9C2276B5EEB0046450C /* LaunchScreen.storyboard in Resources */,
				FC13D9BF276B5EEB0046450C /* Assets.xcassets in Resources */,
				FC13D9BD276B5EE70046450C /* Main.storyboard in Resources */,
			);
			runOnlyForDeploymentPostprocessing = 0;
		};
		FC13D9C6276B5EEB0046450C /* Resources */ = {
			isa = PBXResourcesBuildPhase;
			buildActionMask = 2147483647;
			files = (
			);
			runOnlyForDeploymentPostprocessing = 0;
		};
		FC13D9D0276B5EEB0046450C /* Resources */ = {
			isa = PBXResourcesBuildPhase;
			buildActionMask = 2147483647;
			files = (
			);
			runOnlyForDeploymentPostprocessing = 0;
		};
/* End PBXResourcesBuildPhase section */

/* Begin PBXSourcesBuildPhase section */
		FC13D9AE276B5EE60046450C /* Sources */ = {
			isa = PBXSourcesBuildPhase;
			buildActionMask = 2147483647;
			files = (
				FC13D9BA276B5EE70046450C /* ViewController.swift in Sources */,
				FC13D9B6276B5EE70046450C /* AppDelegate.swift in Sources */,
				FC13D9B8276B5EE70046450C /* SceneDelegate.swift in Sources */,
				FC13D9E6276B777D0046450C /* LogsViewController.swift in Sources */,
			);
			runOnlyForDeploymentPostprocessing = 0;
		};
		FC13D9C4276B5EEB0046450C /* Sources */ = {
			isa = PBXSourcesBuildPhase;
			buildActionMask = 2147483647;
			files = (
				FC13D9CD276B5EEB0046450C /* LocalNotificationsTimerTests.swift in Sources */,
			);
			runOnlyForDeploymentPostprocessing = 0;
		};
		FC13D9CE276B5EEB0046450C /* Sources */ = {
			isa = PBXSourcesBuildPhase;
			buildActionMask = 2147483647;
			files = (
				FC13D9D7276B5EEB0046450C /* LocalNotificationsTimerUITests.swift in Sources */,
				FC13D9D9276B5EEB0046450C /* LocalNotificationsTimerUITestsLaunchTests.swift in Sources */,
			);
			runOnlyForDeploymentPostprocessing = 0;
		};
/* End PBXSourcesBuildPhase section */

/* Begin PBXTargetDependency section */
		FC13D9CA276B5EEB0046450C /* PBXTargetDependency */ = {
			isa = PBXTargetDependency;
			target = FC13D9B1276B5EE60046450C /* LocalNotificationsTimer */;
			targetProxy = FC13D9C9276B5EEB0046450C /* PBXContainerItemProxy */;
		};
		FC13D9D4276B5EEB0046450C /* PBXTargetDependency */ = {
			isa = PBXTargetDependency;
			target = FC13D9B1276B5EE60046450C /* LocalNotificationsTimer */;
			targetProxy = FC13D9D3276B5EEB0046450C /* PBXContainerItemProxy */;
		};
/* End PBXTargetDependency section */

/* Begin PBXVariantGroup section */
		FC13D9BB276B5EE70046450C /* Main.storyboard */ = {
			isa = PBXVariantGroup;
			children = (
				FC13D9BC276B5EE70046450C /* Base */,
			);
			name = Main.storyboard;
			sourceTree = "<group>";
		};
		FC13D9C0276B5EEB0046450C /* LaunchScreen.storyboard */ = {
			isa = PBXVariantGroup;
			children = (
				FC13D9C1276B5EEB0046450C /* Base */,
			);
			name = LaunchScreen.storyboard;
			sourceTree = "<group>";
		};
/* End PBXVariantGroup section */

/* Begin XCBuildConfiguration section */
		FC13D9DA276B5EEB0046450C /* Debug */ = {
			isa = XCBuildConfiguration;
			buildSettings = {
				ALWAYS_SEARCH_USER_PATHS = NO;
				CLANG_ANALYZER_NONNULL = YES;
				CLANG_ANALYZER_NUMBER_OBJECT_CONVERSION = YES_AGGRESSIVE;
				CLANG_CXX_LANGUAGE_STANDARD = "gnu++17";
				CLANG_CXX_LIBRARY = "libc++";
				CLANG_ENABLE_MODULES = YES;
				CLANG_ENABLE_OBJC_ARC = YES;
				CLANG_ENABLE_OBJC_WEAK = YES;
				CLANG_WARN_BLOCK_CAPTURE_AUTORELEASING = YES;
				CLANG_WARN_BOOL_CONVERSION = YES;
				CLANG_WARN_COMMA = YES;
				CLANG_WARN_CONSTANT_CONVERSION = YES;
				CLANG_WARN_DEPRECATED_OBJC_IMPLEMENTATIONS = YES;
				CLANG_WARN_DIRECT_OBJC_ISA_USAGE = YES_ERROR;
				CLANG_WARN_DOCUMENTATION_COMMENTS = YES;
				CLANG_WARN_EMPTY_BODY = YES;
				CLANG_WARN_ENUM_CONVERSION = YES;
				CLANG_WARN_INFINITE_RECURSION = YES;
				CLANG_WARN_INT_CONVERSION = YES;
				CLANG_WARN_NON_LITERAL_NULL_CONVERSION = YES;
				CLANG_WARN_OBJC_IMPLICIT_RETAIN_SELF = YES;
				CLANG_WARN_OBJC_LITERAL_CONVERSION = YES;
				CLANG_WARN_OBJC_ROOT_CLASS = YES_ERROR;
				CLANG_WARN_QUOTED_INCLUDE_IN_FRAMEWORK_HEADER = YES;
				CLANG_WARN_RANGE_LOOP_ANALYSIS = YES;
				CLANG_WARN_STRICT_PROTOTYPES = YES;
				CLANG_WARN_SUSPICIOUS_MOVE = YES;
				CLANG_WARN_UNGUARDED_AVAILABILITY = YES_AGGRESSIVE;
				CLANG_WARN_UNREACHABLE_CODE = YES;
				CLANG_WARN__DUPLICATE_METHOD_MATCH = YES;
				COPY_PHASE_STRIP = NO;
				DEBUG_INFORMATION_FORMAT = dwarf;
				ENABLE_STRICT_OBJC_MSGSEND = YES;
				ENABLE_TESTABILITY = YES;
				GCC_C_LANGUAGE_STANDARD = gnu11;
				GCC_DYNAMIC_NO_PIC = NO;
				GCC_NO_COMMON_BLOCKS = YES;
				GCC_OPTIMIZATION_LEVEL = 0;
				GCC_PREPROCESSOR_DEFINITIONS = (
					"DEBUG=1",
					"$(inherited)",
				);
				GCC_WARN_64_TO_32_BIT_CONVERSION = YES;
				GCC_WARN_ABOUT_RETURN_TYPE = YES_ERROR;
				GCC_WARN_UNDECLARED_SELECTOR = YES;
				GCC_WARN_UNINITIALIZED_AUTOS = YES_AGGRESSIVE;
				GCC_WARN_UNUSED_FUNCTION = YES;
				GCC_WARN_UNUSED_VARIABLE = YES;
				IPHONEOS_DEPLOYMENT_TARGET = 15.0;
				MTL_ENABLE_DEBUG_INFO = INCLUDE_SOURCE;
				MTL_FAST_MATH = YES;
				ONLY_ACTIVE_ARCH = YES;
				SDKROOT = iphoneos;
				SWIFT_ACTIVE_COMPILATION_CONDITIONS = DEBUG;
				SWIFT_OPTIMIZATION_LEVEL = "-Onone";
			};
			name = Debug;
		};
		FC13D9DB276B5EEB0046450C /* Release */ = {
			isa = XCBuildConfiguration;
			buildSettings = {
				ALWAYS_SEARCH_USER_PATHS = NO;
				CLANG_ANALYZER_NONNULL = YES;
				CLANG_ANALYZER_NUMBER_OBJECT_CONVERSION = YES_AGGRESSIVE;
				CLANG_CXX_LANGUAGE_STANDARD = "gnu++17";
				CLANG_CXX_LIBRARY = "libc++";
				CLANG_ENABLE_MODULES = YES;
				CLANG_ENABLE_OBJC_ARC = YES;
				CLANG_ENABLE_OBJC_WEAK = YES;
				CLANG_WARN_BLOCK_CAPTURE_AUTORELEASING = YES;
				CLANG_WARN_BOOL_CONVERSION = YES;
				CLANG_WARN_COMMA = YES;
				CLANG_WARN_CONSTANT_CONVERSION = YES;
				CLANG_WARN_DEPRECATED_OBJC_IMPLEMENTATIONS = YES;
				CLANG_WARN_DIRECT_OBJC_ISA_USAGE = YES_ERROR;
				CLANG_WARN_DOCUMENTATION_COMMENTS = YES;
				CLANG_WARN_EMPTY_BODY = YES;
				CLANG_WARN_ENUM_CONVERSION = YES;
				CLANG_WARN_INFINITE_RECURSION = YES;
				CLANG_WARN_INT_CONVERSION = YES;
				CLANG_WARN_NON_LITERAL_NULL_CONVERSION = YES;
				CLANG_WARN_OBJC_IMPLICIT_RETAIN_SELF = YES;
				CLANG_WARN_OBJC_LITERAL_CONVERSION = YES;
				CLANG_WARN_OBJC_ROOT_CLASS = YES_ERROR;
				CLANG_WARN_QUOTED_INCLUDE_IN_FRAMEWORK_HEADER = YES;
				CLANG_WARN_RANGE_LOOP_ANALYSIS = YES;
				CLANG_WARN_STRICT_PROTOTYPES = YES;
				CLANG_WARN_SUSPICIOUS_MOVE = YES;
				CLANG_WARN_UNGUARDED_AVAILABILITY = YES_AGGRESSIVE;
				CLANG_WARN_UNREACHABLE_CODE = YES;
				CLANG_WARN__DUPLICATE_METHOD_MATCH = YES;
				COPY_PHASE_STRIP = NO;
				DEBUG_INFORMATION_FORMAT = "dwarf-with-dsym";
				ENABLE_NS_ASSERTIONS = NO;
				ENABLE_STRICT_OBJC_MSGSEND = YES;
				GCC_C_LANGUAGE_STANDARD = gnu11;
				GCC_NO_COMMON_BLOCKS = YES;
				GCC_WARN_64_TO_32_BIT_CONVERSION = YES;
				GCC_WARN_ABOUT_RETURN_TYPE = YES_ERROR;
				GCC_WARN_UNDECLARED_SELECTOR = YES;
				GCC_WARN_UNINITIALIZED_AUTOS = YES_AGGRESSIVE;
				GCC_WARN_UNUSED_FUNCTION = YES;
				GCC_WARN_UNUSED_VARIABLE = YES;
				IPHONEOS_DEPLOYMENT_TARGET = 15.0;
				MTL_ENABLE_DEBUG_INFO = NO;
				MTL_FAST_MATH = YES;
				SDKROOT = iphoneos;
				SWIFT_COMPILATION_MODE = wholemodule;
				SWIFT_OPTIMIZATION_LEVEL = "-O";
				VALIDATE_PRODUCT = YES;
			};
			name = Release;
		};
		FC13D9DD276B5EEB0046450C /* Debug */ = {
			isa = XCBuildConfiguration;
			buildSettings = {
				ASSETCATALOG_COMPILER_APPICON_NAME = AppIcon;
				ASSETCATALOG_COMPILER_GLOBAL_ACCENT_COLOR_NAME = AccentColor;
				CODE_SIGN_STYLE = Automatic;
				CURRENT_PROJECT_VERSION = 1;
				DEVELOPMENT_TEAM = THU336WA8H;
				GENERATE_INFOPLIST_FILE = YES;
				INFOPLIST_FILE = LocalNotificationsTimer/Info.plist;
				INFOPLIST_KEY_UIApplicationSupportsIndirectInputEvents = YES;
				INFOPLIST_KEY_UILaunchStoryboardName = LaunchScreen;
				INFOPLIST_KEY_UIMainStoryboardFile = Main;
				INFOPLIST_KEY_UISupportedInterfaceOrientations_iPad = "UIInterfaceOrientationPortrait UIInterfaceOrientationPortraitUpsideDown UIInterfaceOrientationLandscapeLeft UIInterfaceOrientationLandscapeRight";
				INFOPLIST_KEY_UISupportedInterfaceOrientations_iPhone = "UIInterfaceOrientationPortrait UIInterfaceOrientationLandscapeLeft UIInterfaceOrientationLandscapeRight";
				LD_RUNPATH_SEARCH_PATHS = (
					"$(inherited)",
					"@executable_path/Frameworks",
				);
				MARKETING_VERSION = 1.0;
				PRODUCT_BUNDLE_IDENTIFIER = ShahadAlhanaya2021.LocalNotificationsTimer;
				PRODUCT_NAME = "$(TARGET_NAME)";
				SWIFT_EMIT_LOC_STRINGS = YES;
				SWIFT_VERSION = 5.0;
				TARGETED_DEVICE_FAMILY = "1,2";
			};
			name = Debug;
		};
		FC13D9DE276B5EEB0046450C /* Release */ = {
			isa = XCBuildConfiguration;
			buildSettings = {
				ASSETCATALOG_COMPILER_APPICON_NAME = AppIcon;
				ASSETCATALOG_COMPILER_GLOBAL_ACCENT_COLOR_NAME = AccentColor;
				CODE_SIGN_STYLE = Automatic;
				CURRENT_PROJECT_VERSION = 1;
				DEVELOPMENT_TEAM = THU336WA8H;
				GENERATE_INFOPLIST_FILE = YES;
				INFOPLIST_FILE = LocalNotificationsTimer/Info.plist;
				INFOPLIST_KEY_UIApplicationSupportsIndirectInputEvents = YES;
				INFOPLIST_KEY_UILaunchStoryboardName = LaunchScreen;
				INFOPLIST_KEY_UIMainStoryboardFile = Main;
				INFOPLIST_KEY_UISupportedInterfaceOrientations_iPad = "UIInterfaceOrientationPortrait UIInterfaceOrientationPortraitUpsideDown UIInterfaceOrientationLandscapeLeft UIInterfaceOrientationLandscapeRight";
				INFOPLIST_KEY_UISupportedInterfaceOrientations_iPhone = "UIInterfaceOrientationPortrait UIInterfaceOrientationLandscapeLeft UIInterfaceOrientationLandscapeRight";
				LD_RUNPATH_SEARCH_PATHS = (
					"$(inherited)",
					"@executable_path/Frameworks",
				);
				MARKETING_VERSION = 1.0;
				PRODUCT_BUNDLE_IDENTIFIER = ShahadAlhanaya2021.LocalNotificationsTimer;
				PRODUCT_NAME = "$(TARGET_NAME)";
				SWIFT_EMIT_LOC_STRINGS = YES;
				SWIFT_VERSION = 5.0;
				TARGETED_DEVICE_FAMILY = "1,2";
			};
			name = Release;
		};
		FC13D9E0276B5EEB0046450C /* Debug */ = {
			isa = XCBuildConfiguration;
			buildSettings = {
				ALWAYS_EMBED_SWIFT_STANDARD_LIBRARIES = YES;
				BUNDLE_LOADER = "$(TEST_HOST)";
				CODE_SIGN_STYLE = Automatic;
				CURRENT_PROJECT_VERSION = 1;
				DEVELOPMENT_TEAM = THU336WA8H;
				GENERATE_INFOPLIST_FILE = YES;
				IPHONEOS_DEPLOYMENT_TARGET = 15.0;
				LD_RUNPATH_SEARCH_PATHS = (
					"$(inherited)",
					"@executable_path/Frameworks",
					"@loader_path/Frameworks",
				);
				MARKETING_VERSION = 1.0;
				PRODUCT_BUNDLE_IDENTIFIER = ShahadAlhanaya2021.LocalNotificationsTimerTests;
				PRODUCT_NAME = "$(TARGET_NAME)";
				SWIFT_EMIT_LOC_STRINGS = NO;
				SWIFT_VERSION = 5.0;
				TARGETED_DEVICE_FAMILY = "1,2";
				TEST_HOST = "$(BUILT_PRODUCTS_DIR)/LocalNotificationsTimer.app/LocalNotificationsTimer";
			};
			name = Debug;
		};
		FC13D9E1276B5EEB0046450C /* Release */ = {
			isa = XCBuildConfiguration;
			buildSettings = {
				ALWAYS_EMBED_SWIFT_STANDARD_LIBRARIES = YES;
				BUNDLE_LOADER = "$(TEST_HOST)";
				CODE_SIGN_STYLE = Automatic;
				CURRENT_PROJECT_VERSION = 1;
				DEVELOPMENT_TEAM = THU336WA8H;
				GENERATE_INFOPLIST_FILE = YES;
				IPHONEOS_DEPLOYMENT_TARGET = 15.0;
				LD_RUNPATH_SEARCH_PATHS = (
					"$(inherited)",
					"@executable_path/Frameworks",
					"@loader_path/Frameworks",
				);
				MARKETING_VERSION = 1.0;
				PRODUCT_BUNDLE_IDENTIFIER = ShahadAlhanaya2021.LocalNotificationsTimerTests;
				PRODUCT_NAME = "$(TARGET_NAME)";
				SWIFT_EMIT_LOC_STRINGS = NO;
				SWIFT_VERSION = 5.0;
				TARGETED_DEVICE_FAMILY = "1,2";
				TEST_HOST = "$(BUILT_PRODUCTS_DIR)/LocalNotificationsTimer.app/LocalNotificationsTimer";
			};
			name = Release;
		};
		FC13D9E3276B5EEB0046450C /* Debug */ = {
			isa = XCBuildConfiguration;
			buildSettings = {
				ALWAYS_EMBED_SWIFT_STANDARD_LIBRARIES = YES;
				CODE_SIGN_STYLE = Automatic;
				CURRENT_PROJECT_VERSION = 1;
				DEVELOPMENT_TEAM = THU336WA8H;
				GENERATE_INFOPLIST_FILE = YES;
				LD_RUNPATH_SEARCH_PATHS = (
					"$(inherited)",
					"@executable_path/Frameworks",
					"@loader_path/Frameworks",
				);
				MARKETING_VERSION = 1.0;
				PRODUCT_BUNDLE_IDENTIFIER = ShahadAlhanaya2021.LocalNotificationsTimerUITests;
				PRODUCT_NAME = "$(TARGET_NAME)";
				SWIFT_EMIT_LOC_STRINGS = NO;
				SWIFT_VERSION = 5.0;
				TARGETED_DEVICE_FAMILY = "1,2";
				TEST_TARGET_NAME = LocalNotificationsTimer;
			};
			name = Debug;
		};
		FC13D9E4276B5EEB0046450C /* Release */ = {
			isa = XCBuildConfiguration;
			buildSettings = {
				ALWAYS_EMBED_SWIFT_STANDARD_LIBRARIES = YES;
				CODE_SIGN_STYLE = Automatic;
				CURRENT_PROJECT_VERSION = 1;
				DEVELOPMENT_TEAM = THU336WA8H;
				GENERATE_INFOPLIST_FILE = YES;
				LD_RUNPATH_SEARCH_PATHS = (
					"$(inherited)",
					"@executable_path/Frameworks",
					"@loader_path/Frameworks",
				);
				MARKETING_VERSION = 1.0;
				PRODUCT_BUNDLE_IDENTIFIER = ShahadAlhanaya2021.LocalNotificationsTimerUITests;
				PRODUCT_NAME = "$(TARGET_NAME)";
				SWIFT_EMIT_LOC_STRINGS = NO;
				SWIFT_VERSION = 5.0;
				TARGETED_DEVICE_FAMILY = "1,2";
				TEST_TARGET_NAME = LocalNotificationsTimer;
			};
			name = Release;
		};
/* End XCBuildConfiguration section */

/* Begin XCConfigurationList section */
		FC13D9AD276B5EE60046450C /* Build configuration list for PBXProject "LocalNotificationsTimer" */ = {
			isa = XCConfigurationList;
			buildConfigurations = (
				FC13D9DA276B5EEB0046450C /* Debug */,
				FC13D9DB276B5EEB0046450C /* Release */,
			);
			defaultConfigurationIsVisible = 0;
			defaultConfigurationName = Release;
		};
		FC13D9DC276B5EEB0046450C /* Build configuration list for PBXNativeTarget "LocalNotificationsTimer" */ = {
			isa = XCConfigurationList;
			buildConfigurations = (
				FC13D9DD276B5EEB0046450C /* Debug */,
				FC13D9DE276B5EEB0046450C /* Release */,
			);
			defaultConfigurationIsVisible = 0;
			defaultConfigurationName = Release;
		};
		FC13D9DF276B5EEB0046450C /* Build configuration list for PBXNativeTarget "LocalNotificationsTimerTests" */ = {
			isa = XCConfigurationList;
			buildConfigurations = (
				FC13D9E0276B5EEB0046450C /* Debug */,
				FC13D9E1276B5EEB0046450C /* Release */,
			);
			defaultConfigurationIsVisible = 0;
			defaultConfigurationName = Release;
		};
		FC13D9E2276B5EEB0046450C /* Build configuration list for PBXNativeTarget "LocalNotificationsTimerUITests" */ = {
			isa = XCConfigurationList;
			buildConfigurations = (
				FC13D9E3276B5EEB0046450C /* Debug */,
				FC13D9E4276B5EEB0046450C /* Release */,
			);
			defaultConfigurationIsVisible = 0;
			defaultConfigurationName = Release;
		};
/* End XCConfigurationList section */
	};
	rootObject = FC13D9AA276B5EE60046450C /* Project object */;
}
